
Microsoft Visual Studio Solution File, Format Version 12.00
# Visual Studio 15
VisualStudioVersion = 15.0.27703.2026
MinimumVisualStudioVersion = 10.0.40219.1
Project("{8BC9CEB8-8B4A-11D0-8D11-00A0C91BC942}") = "CalculoNumerico-FormulaDeLagrange", "CalculoNumerico-FormulaDeLagrange\CalculoNumerico-FormulaDeLagrange.vcxproj", "{E5E828A1-BE0F-41D6-9BA6-13968D0D972F}"
EndProject
Global
	GlobalSection(SolutionConfigurationPlatforms) = preSolution
		Debug|x64 = Debug|x64
		Debug|x86 = Debug|x86
		Release|x64 = Release|x64
		Release|x86 = Release|x86
	EndGlobalSection
	GlobalSection(ProjectConfigurationPlatforms) = postSolution
		{E5E828A1-BE0F-41D6-9BA6-13968D0D972F}.Debug|x64.ActiveCfg = Debug|x64
		{E5E828A1-BE0F-41D6-9BA6-13968D0D972F}.Debug|x64.Build.0 = Debug|x64
		{E5E828A1-BE0F-41D6-9BA6-13968D0D972F}.Debug|x86.ActiveCfg = Debug|Win32
		{E5E828A1-BE0F-41D6-9BA6-13968D0D972F}.Debug|x86.Build.0 = Debug|Win32
		{E5E828A1-BE0F-41D6-9BA6-13968D0D972F}.Release|x64.ActiveCfg = Release|x64
		{E5E828A1-BE0F-41D6-9BA6-13968D0D972F}.Release|x64.Build.0 = Release|x64
		{E5E828A1-BE0F-41D6-9BA6-13968D0D972F}.Release|x86.ActiveCfg = Release|Win32
		{E5E828A1-BE0F-41D6-9BA6-13968D0D972F}.Release|x86.Build.0 = Release|Win32
	EndGlobalSection
	GlobalSection(SolutionProperties) = preSolution
		HideSolutionNode = FALSE
	EndGlobalSection
	GlobalSection(ExtensibilityGlobals) = postSolution
		SolutionGuid = {48C5AE80-7492-4FF6-87CF-171D51B0DC9F}
	EndGlobalSection
EndGlobal
