
Microsoft Visual Studio Solution File, Format Version 12.00
# Visual Studio 15
VisualStudioVersion = 15.0.27703.2026
MinimumVisualStudioVersion = 10.0.40219.1
Project("{8BC9CEB8-8B4A-11D0-8D11-00A0C91BC942}") = "Problema(1A)", "Problema(1A)\Problema(1A).vcxproj", "{9C2BBE9D-ED4F-42D8-A98A-D62A65846018}"
EndProject
Project("{8BC9CEB8-8B4A-11D0-8D11-00A0C91BC942}") = "Problema(1B)", "Problema(1B)\Problema(1B).vcxproj", "{0BFFE6E1-387C-492B-841E-42102B2B8FB9}"
EndProject
Global
	GlobalSection(SolutionConfigurationPlatforms) = preSolution
		Debug|x64 = Debug|x64
		Debug|x86 = Debug|x86
		Release|x64 = Release|x64
		Release|x86 = Release|x86
	EndGlobalSection
	GlobalSection(ProjectConfigurationPlatforms) = postSolution
		{9C2BBE9D-ED4F-42D8-A98A-D62A65846018}.Debug|x64.ActiveCfg = Debug|x64
		{9C2BBE9D-ED4F-42D8-A98A-D62A65846018}.Debug|x64.Build.0 = Debug|x64
		{9C2BBE9D-ED4F-42D8-A98A-D62A65846018}.Debug|x86.ActiveCfg = Debug|Win32
		{9C2BBE9D-ED4F-42D8-A98A-D62A65846018}.Debug|x86.Build.0 = Debug|Win32
		{9C2BBE9D-ED4F-42D8-A98A-D62A65846018}.Release|x64.ActiveCfg = Release|x64
		{9C2BBE9D-ED4F-42D8-A98A-D62A65846018}.Release|x64.Build.0 = Release|x64
		{9C2BBE9D-ED4F-42D8-A98A-D62A65846018}.Release|x86.ActiveCfg = Release|Win32
		{9C2BBE9D-ED4F-42D8-A98A-D62A65846018}.Release|x86.Build.0 = Release|Win32
		{0BFFE6E1-387C-492B-841E-42102B2B8FB9}.Debug|x64.ActiveCfg = Debug|x64
		{0BFFE6E1-387C-492B-841E-42102B2B8FB9}.Debug|x64.Build.0 = Debug|x64
		{0BFFE6E1-387C-492B-841E-42102B2B8FB9}.Debug|x86.ActiveCfg = Debug|Win32
		{0BFFE6E1-387C-492B-841E-42102B2B8FB9}.Debug|x86.Build.0 = Debug|Win32
		{0BFFE6E1-387C-492B-841E-42102B2B8FB9}.Release|x64.ActiveCfg = Release|x64
		{0BFFE6E1-387C-492B-841E-42102B2B8FB9}.Release|x64.Build.0 = Release|x64
		{0BFFE6E1-387C-492B-841E-42102B2B8FB9}.Release|x86.ActiveCfg = Release|Win32
		{0BFFE6E1-387C-492B-841E-42102B2B8FB9}.Release|x86.Build.0 = Release|Win32
	EndGlobalSection
	GlobalSection(SolutionProperties) = preSolution
		HideSolutionNode = FALSE
	EndGlobalSection
	GlobalSection(ExtensibilityGlobals) = postSolution
		SolutionGuid = {677DCC33-90D2-4EA1-BCCE-D0F60CE9CADB}
	EndGlobalSection
EndGlobal
